
Microsoft Visual Studio Solution File, Format Version 12.00
# Visual Studio Version 16
VisualStudioVersion = 16.0.30128.74
MinimumVisualStudioVersion = 10.0.40219.1
Project("{8BC9CEB8-8B4A-11D0-8D11-00A0C91BC942}") = "JUMANJI_WelcomeToTheJungle", "JUMANJI_WelcomeToTheJungle\JUMANJI_WelcomeToTheJungle.vcxproj", "{9C1ED28A-4396-4E2C-A994-37F281C26CD0}"
EndProject
Global
	GlobalSection(SolutionConfigurationPlatforms) = preSolution
		Debug|x64 = Debug|x64
		Debug|x86 = Debug|x86
		Release|x64 = Release|x64
		Release|x86 = Release|x86
	EndGlobalSection
	GlobalSection(ProjectConfigurationPlatforms) = postSolution
		{9C1ED28A-4396-4E2C-A994-37F281C26CD0}.Debug|x64.ActiveCfg = Debug|x64
		{9C1ED28A-4396-4E2C-A994-37F281C26CD0}.Debug|x64.Build.0 = Debug|x64
		{9C1ED28A-4396-4E2C-A994-37F281C26CD0}.Debug|x86.ActiveCfg = Debug|Win32
		{9C1ED28A-4396-4E2C-A994-37F281C26CD0}.Debug|x86.Build.0 = Debug|Win32
		{9C1ED28A-4396-4E2C-A994-37F281C26CD0}.Release|x64.ActiveCfg = Release|x64
		{9C1ED28A-4396-4E2C-A994-37F281C26CD0}.Release|x64.Build.0 = Release|x64
		{9C1ED28A-4396-4E2C-A994-37F281C26CD0}.Release|x86.ActiveCfg = Release|Win32
		{9C1ED28A-4396-4E2C-A994-37F281C26CD0}.Release|x86.Build.0 = Release|Win32
	EndGlobalSection
	GlobalSection(SolutionProperties) = preSolution
		HideSolutionNode = FALSE
	EndGlobalSection
	GlobalSection(ExtensibilityGlobals) = postSolution
		SolutionGuid = {645EC813-5D27-4E9B-8685-0757A9893D59}
	EndGlobalSection
EndGlobal
